github.com/CloudyKit/router v0.0.0-20170501012743-15c4ed71df81 h1:yPqoZlWqkEpom78++E2PnDiBIwWQ4udG6QiqMEDrK1s=
github.com/CloudyKit/router v0.0.0-20170501012743-15c4ed71df81/go.mod h1:C5dpOyEQ8OAubgEx/spN9JbnY+P6BrRZ0wzSkJfoJb4=
github.com/carr123/fmx v1.0.3 h1:nUeNh2G33DciESV1BkJhuKIQESeshAEN6olyqedpZvA=
github.com/carr123/fmx v1.0.3/go.mod h1:WgoKfarOcREc8XtNMyo5IN9Ohnn7zoF5zHzjF+W4l14=
golang.org/x/net v0.0.0-20220421235706-1d1ef9303861 h1:yssD99+7tqHWO5Gwh81phT+67hg+KttniBr6UnEXOY8=
golang.org/x/net v0.0.0-20220421235706-1d1ef9303861/go.mod h1:CfG3xpIq0wQ8r1q4Su4UZFWDARRcnwPjda9FqA0JpMk=
golang.org/x/sys v0.0.0-20210615035016-665e8c7367d1/go.mod h1:oPkhp1MJrh7nUepCBck5+mAzfO9JrbApNNgaTdGDITg=
golang.org/x/sys v0.0.0-20211216021012-1d35b9e2eb4e/go.mod h1:oPkhp1MJrh7nUepCBck5+mAzfO9JrbApNNgaTdGDITg=
golang.org/x/term v0.0.0-20210927222741-03fcf44c2211/go.mod h1:jbD1KX2456YbFQfuXm/mYQcufACuNUgVhRMnK/tPxf8=
golang.org/x/text v0.3.7/go.mod h1:u+2+/6zg+i71rQMx5EYifcz6MCKuco9NR6JIITiCfzQ=
golang.org/x/tools v0.0.0-20180917221912-90fa682c2a6e/go.mod h1:n7NCudcB/nEzxVGmLbDWY5pfWTLqBcC2KZ6jyYvM4mQ=
